
Microsoft Visual Studio Solution File, Format Version 12.00
# Visual Studio Version 17
VisualStudioVersion = 17.13.35617.110 d17.13
MinimumVisualStudioVersion = 10.0.40219.1
Project("{FAE04EC0-301F-11D3-BF4B-00C04F79EFBC}") = "v1", "v1.csproj", "{8DA3E256-7681-4CFF-8FE5-88B9EE708890}"
EndProject
Global
	GlobalSection(SolutionConfigurationPlatforms) = preSolution
		Debug|Any CPU = Debug|Any CPU
		Release|Any CPU = Release|Any CPU
	EndGlobalSection
	GlobalSection(ProjectConfigurationPlatforms) = postSolution
		{8DA3E256-7681-4CFF-8FE5-88B9EE708890}.Debug|Any CPU.ActiveCfg = Debug|Any CPU
		{8DA3E256-7681-4CFF-8FE5-88B9EE708890}.Debug|Any CPU.Build.0 = Debug|Any CPU
		{8DA3E256-7681-4CFF-8FE5-88B9EE708890}.Release|Any CPU.ActiveCfg = Release|Any CPU
		{8DA3E256-7681-4CFF-8FE5-88B9EE708890}.Release|Any CPU.Build.0 = Release|Any CPU
	EndGlobalSection
	GlobalSection(SolutionProperties) = preSolution
		HideSolutionNode = FALSE
	EndGlobalSection
	GlobalSection(ExtensibilityGlobals) = postSolution
		SolutionGuid = {02F22E34-9440-45A4-8C6F-EE9F9128FD77}
	EndGlobalSection
EndGlobal
